// !$*UTF8*$!
{
	archiveVersion = 1;
	classes = {
	};
	objectVersion = 46;
	objects = {

/* Begin PBXBuildFile section */
		9EAF4F7F19866F3B001E5505 /* Foundation.framework in Frameworks */ = {isa = PBXBuildFile; fileRef = 9EAF4F7E19866F3B001E5505 /* Foundation.framework */; };
		9EAF4F8119866F3B001E5505 /* CoreGraphics.framework in Frameworks */ = {isa = PBXBuildFile; fileRef = 9EAF4F8019866F3B001E5505 /* CoreGraphics.framework */; };
		9EAF4F8319866F3B001E5505 /* UIKit.framework in Frameworks */ = {isa = PBXBuildFile; fileRef = 9EAF4F8219866F3B001E5505 /* UIKit.framework */; };
		9EAF4F8919866F3B001E5505 /* InfoPlist.strings in Resources */ = {isa = PBXBuildFile; fileRef = 9EAF4F8719866F3B001E5505 /* InfoPlist.strings */; };
		9EAF4F8B19866F3B001E5505 /* main.m in Sources */ = {isa = PBXBuildFile; fileRef = 9EAF4F8A19866F3B001E5505 /* main.m */; };
		9EAF4F8F19866F3B001E5505 /* AppDelegate.m in Sources */ = {isa = PBXBuildFile; fileRef = 9EAF4F8E19866F3B001E5505 /* AppDelegate.m */; };
		9EAF4F9219866F3B001E5505 /* Main.storyboard in Resources */ = {isa = PBXBuildFile; fileRef = 9EAF4F9019866F3B001E5505 /* Main.storyboard */; };
		9EAF4F9519866F3B001E5505 /* ViewController.m in Sources */ = {isa = PBXBuildFile; fileRef = 9EAF4F9419866F3B001E5505 /* ViewController.m */; };
		9EAF4F9719866F3B001E5505 /* Images.xcassets in Resources */ = {isa = PBXBuildFile; fileRef = 9EAF4F9619866F3B001E5505 /* Images.xcassets */; };
		9EAF4FB4198672B3001E5505 /* eniro.jpg in Resources */ = {isa = PBXBuildFile; fileRef = 9EAF4FB3198672B3001E5505 /* eniro.jpg */; };
		9EAF4FB619880901001E5505 /* Stockholm.gpx in Resources */ = {isa = PBXBuildFile; fileRef = 9EAF4FB519880901001E5505 /* Stockholm.gpx */; };
/* End PBXBuildFile section */

/* Begin PBXFileReference section */
		9EAF4F7B19866F3B001E5505 /* Eniro Pizza.app */ = {isa = PBXFileReference; explicitFileType = wrapper.application; includeInIndex = 0; path = "Eniro Pizza.app"; sourceTree = BUILT_PRODUCTS_DIR; };
		9EAF4F7E19866F3B001E5505 /* Foundation.framework */ = {isa = PBXFileReference; lastKnownFileType = wrapper.framework; name = Foundation.framework; path = System/Library/Frameworks/Foundation.framework; sourceTree = SDKROOT; };
		9EAF4F8019866F3B001E5505 /* CoreGraphics.framework */ = {isa = PBXFileReference; lastKnownFileType = wrapper.framework; name = CoreGraphics.framework; path = System/Library/Frameworks/CoreGraphics.framework; sourceTree = SDKROOT; };
		9EAF4F8219866F3B001E5505 /* UIKit.framework */ = {isa = PBXFileReference; lastKnownFileType = wrapper.framework; name = UIKit.framework; path = System/Library/Frameworks/UIKit.framework; sourceTree = SDKROOT; };
		9EAF4F8619866F3B001E5505 /* Eniro Pizza-Info.plist */ = {isa = PBXFileReference; lastKnownFileType = text.plist.xml; path = "Eniro Pizza-Info.plist"; sourceTree = "<group>"; };
		9EAF4F8819866F3B001E5505 /* en */ = {isa = PBXFileReference; lastKnownFileType = text.plist.strings; name = en; path = en.lproj/InfoPlist.strings; sourceTree = "<group>"; };
		9EAF4F8A19866F3B001E5505 /* main.m */ = {isa = PBXFileReference; lastKnownFileType = sourcecode.c.objc; path = main.m; sourceTree = "<group>"; };
		9EAF4F8C19866F3B001E5505 /* Eniro Pizza-Prefix.pch */ = {isa = PBXFileReference; lastKnownFileType = sourcecode.c.h; path = "Eniro Pizza-Prefix.pch"; sourceTree = "<group>"; };
		9EAF4F8D19866F3B001E5505 /* AppDelegate.h */ = {isa = PBXFileReference; lastKnownFileType = sourcecode.c.h; path = AppDelegate.h; sourceTree = "<group>"; };
		9EAF4F8E19866F3B001E5505 /* AppDelegate.m */ = {isa = PBXFileReference; lastKnownFileType = sourcecode.c.objc; path = AppDelegate.m; sourceTree = "<group>"; };
		9EAF4F9119866F3B001E5505 /* Base */ = {isa = PBXFileReference; lastKnownFileType = file.storyboard; name = Base; path = Base.lproj/Main.storyboard; sourceTree = "<group>"; };
		9EAF4F9319866F3B001E5505 /* ViewController.h */ = {isa = PBXFileReference; lastKnownFileType = sourcecode.c.h; path = ViewController.h; sourceTree = "<group>"; };
		9EAF4F9419866F3B001E5505 /* ViewController.m */ = {isa = PBXFileReference; lastKnownFileType = sourcecode.c.objc; path = ViewController.m; sourceTree = "<group>"; };
		9EAF4F9619866F3B001E5505 /* Images.xcassets */ = {isa = PBXFileReference; lastKnownFileType = folder.assetcatalog; path = Images.xcassets; sourceTree = "<group>"; };
		9EAF4F9D19866F3B001E5505 /* XCTest.framework */ = {isa = PBXFileReference; lastKnownFileType = wrapper.framework; name = XCTest.framework; path = Library/Frameworks/XCTest.framework; sourceTree = DEVELOPER_DIR; };
		9EAF4FB3198672B3001E5505 /* eniro.jpg */ = {isa = PBXFileReference; lastKnownFileType = image.jpeg; path = eniro.jpg; sourceTree = "<group>"; };
		9EAF4FB519880901001E5505 /* Stockholm.gpx */ = {isa = PBXFileReference; fileEncoding = 4; lastKnownFileType = text.xml; path = Stockholm.gpx; sourceTree = "<group>"; };
/* End PBXFileReference section */

/* Begin PBXFrameworksBuildPhase section */
		9EAF4F7819866F3B001E5505 /* Frameworks */ = {
			isa = PBXFrameworksBuildPhase;
			buildActionMask = 2147483647;
			files = (
				9EAF4F8119866F3B001E5505 /* CoreGraphics.framework in Frameworks */,
				9EAF4F8319866F3B001E5505 /* UIKit.framework in Frameworks */,
				9EAF4F7F19866F3B001E5505 /* Foundation.framework in Frameworks */,
			);
			runOnlyForDeploymentPostprocessing = 0;
		};
/* End PBXFrameworksBuildPhase section */

/* Begin PBXGroup section */
		9EAF4F7219866F3B001E5505 = {
			isa = PBXGroup;
			children = (
				9EAF4FB519880901001E5505 /* Stockholm.gpx */,
				9EAF4F8419866F3B001E5505 /* Eniro Pizza */,
				9EAF4F7D19866F3B001E5505 /* Frameworks */,
				9EAF4F7C19866F3B001E5505 /* Products */,
			);
			sourceTree = "<group>";
		};
		9EAF4F7C19866F3B001E5505 /* Products */ = {
			isa = PBXGroup;
			children = (
				9EAF4F7B19866F3B001E5505 /* Eniro Pizza.app */,
			);
			name = Products;
			sourceTree = "<group>";
		};
		9EAF4F7D19866F3B001E5505 /* Frameworks */ = {
			isa = PBXGroup;
			children = (
				9EAF4F7E19866F3B001E5505 /* Foundation.framework */,
				9EAF4F8019866F3B001E5505 /* CoreGraphics.framework */,
				9EAF4F8219866F3B001E5505 /* UIKit.framework */,
				9EAF4F9D19866F3B001E5505 /* XCTest.framework */,
			);
			name = Frameworks;
			sourceTree = "<group>";
		};
		9EAF4F8419866F3B001E5505 /* Eniro Pizza */ = {
			isa = PBXGroup;
			children = (
				9EAF4F8D19866F3B001E5505 /* AppDelegate.h */,
				9EAF4F8E19866F3B001E5505 /* AppDelegate.m */,
				9EAF4F9019866F3B001E5505 /* Main.storyboard */,
				9EAF4F9319866F3B001E5505 /* ViewController.h */,
				9EAF4F9419866F3B001E5505 /* ViewController.m */,
				9EAF4F9619866F3B001E5505 /* Images.xcassets */,
				9EAF4F8519866F3B001E5505 /* Supporting Files */,
			);
			path = "Eniro Pizza";
			sourceTree = "<group>";
		};
		9EAF4F8519866F3B001E5505 /* Supporting Files */ = {
			isa = PBXGroup;
			children = (
				9EAF4FB3198672B3001E5505 /* eniro.jpg */,
				9EAF4F8619866F3B001E5505 /* Eniro Pizza-Info.plist */,
				9EAF4F8719866F3B001E5505 /* InfoPlist.strings */,
				9EAF4F8A19866F3B001E5505 /* main.m */,
				9EAF4F8C19866F3B001E5505 /* Eniro Pizza-Prefix.pch */,
			);
			name = "Supporting Files";
			sourceTree = "<group>";
		};
/* End PBXGroup section */

/* Begin PBXNativeTarget section */
		9EAF4F7A19866F3B001E5505 /* Eniro Pizza */ = {
			isa = PBXNativeTarget;
			buildConfigurationList = 9EAF4FAD19866F3B001E5505 /* Build configuration list for PBXNativeTarget "Eniro Pizza" */;
			buildPhases = (
				9EAF4F7719866F3B001E5505 /* Sources */,
				9EAF4F7819866F3B001E5505 /* Frameworks */,
				9EAF4F7919866F3B001E5505 /* Resources */,
			);
			buildRules = (
			);
			dependencies = (
			);
			name = "Eniro Pizza";
			productName = "Eniro Pizza";
			productReference = 9EAF4F7B19866F3B001E5505 /* Eniro Pizza.app */;
			productType = "com.apple.product-type.application";
		};
/* End PBXNativeTarget section */

/* Begin PBXProject section */
		9EAF4F7319866F3B001E5505 /* Project object */ = {
			isa = PBXProject;
			attributes = {
				LastUpgradeCheck = 0510;
				ORGANIZATIONNAME = "Eniro AB";
			};
			buildConfigurationList = 9EAF4F7619866F3B001E5505 /* Build configuration list for PBXProject "Eniro Pizza" */;
			compatibilityVersion = "Xcode 3.2";
			developmentRegion = English;
			hasScannedForEncodings = 0;
			knownRegions = (
				en,
				Base,
			);
			mainGroup = 9EAF4F7219866F3B001E5505;
			productRefGroup = 9EAF4F7C19866F3B001E5505 /* Products */;
			projectDirPath = "";
			projectRoot = "";
			targets = (
				9EAF4F7A19866F3B001E5505 /* Eniro Pizza */,
			);
		};
/* End PBXProject section */

/* Begin PBXResourcesBuildPhase section */
		9EAF4F7919866F3B001E5505 /* Resources */ = {
			isa = PBXResourcesBuildPhase;
			buildActionMask = 2147483647;
			files = (
				9EAF4FB619880901001E5505 /* Stockholm.gpx in Resources */,
				9EAF4F9719866F3B001E5505 /* Images.xcassets in Resources */,
				9EAF4F8919866F3B001E5505 /* InfoPlist.strings in Resources */,
				9EAF4F9219866F3B001E5505 /* Main.storyboard in Resources */,
				9EAF4FB4198672B3001E5505 /* eniro.jpg in Resources */,
			);
			runOnlyForDeploymentPostprocessing = 0;
		};
/* End PBXResourcesBuildPhase section */

/* Begin PBXSourcesBuildPhase section */
		9EAF4F7719866F3B001E5505 /* Sources */ = {
			isa = PBXSourcesBuildPhase;
			buildActionMask = 2147483647;
			files = (
				9EAF4F9519866F3B001E5505 /* ViewController.m in Sources */,
				9EAF4F8F19866F3B001E5505 /* AppDelegate.m in Sources */,
				9EAF4F8B19866F3B001E5505 /* main.m in Sources */,
			);
			runOnlyForDeploymentPostprocessing = 0;
		};
/* End PBXSourcesBuildPhase section */

/* Begin PBXVariantGroup section */
		9EAF4F8719866F3B001E5505 /* InfoPlist.strings */ = {
			isa = PBXVariantGroup;
			children = (
				9EAF4F8819866F3B001E5505 /* en */,
			);
			name = InfoPlist.strings;
			sourceTree = "<group>";
		};
		9EAF4F9019866F3B001E5505 /* Main.storyboard */ = {
			isa = PBXVariantGroup;
			children = (
				9EAF4F9119866F3B001E5505 /* Base */,
			);
			name = Main.storyboard;
			sourceTree = "<group>";
		};
/* End PBXVariantGroup section */

/* Begin XCBuildConfiguration section */
		9EAF4FAB19866F3B001E5505 /* Debug */ = {
			isa = XCBuildConfiguration;
			buildSettings = {
				ALWAYS_SEARCH_USER_PATHS = NO;
				CLANG_CXX_LANGUAGE_STANDARD = "gnu++0x";
				CLANG_CXX_LIBRARY = "libc++";
				CLANG_ENABLE_MODULES = YES;
				CLANG_ENABLE_OBJC_ARC = YES;
				CLANG_WARN_BOOL_CONVERSION = YES;
				CLANG_WARN_CONSTANT_CONVERSION = YES;
				CLANG_WARN_DIRECT_OBJC_ISA_USAGE = YES_ERROR;
				CLANG_WARN_EMPTY_BODY = YES;
				CLANG_WARN_ENUM_CONVERSION = YES;
				CLANG_WARN_INT_CONVERSION = YES;
				CLANG_WARN_OBJC_ROOT_CLASS = YES_ERROR;
				CLANG_WARN__DUPLICATE_METHOD_MATCH = YES;
				"CODE_SIGN_IDENTITY[sdk=iphoneos*]" = "iPhone Developer";
				COPY_PHASE_STRIP = NO;
				GCC_C_LANGUAGE_STANDARD = gnu99;
				GCC_DYNAMIC_NO_PIC = NO;
				GCC_OPTIMIZATION_LEVEL = 0;
				GCC_PREPROCESSOR_DEFINITIONS = (
					"DEBUG=1",
					"$(inherited)",
				);
				GCC_SYMBOLS_PRIVATE_EXTERN = NO;
				GCC_WARN_64_TO_32_BIT_CONVERSION = YES;
				GCC_WARN_ABOUT_RETURN_TYPE = YES_ERROR;
				GCC_WARN_UNDECLARED_SELECTOR = YES;
				GCC_WARN_UNINITIALIZED_AUTOS = YES_AGGRESSIVE;
				GCC_WARN_UNUSED_FUNCTION = YES;
				GCC_WARN_UNUSED_VARIABLE = YES;
				IPHONEOS_DEPLOYMENT_TARGET = 7.1;
				ONLY_ACTIVE_ARCH = YES;
				SDKROOT = iphoneos;
			};
			name = Debug;
		};
		9EAF4FAC19866F3B001E5505 /* Release */ = {
			isa = XCBuildConfiguration;
			buildSettings = {
				ALWAYS_SEARCH_USER_PATHS = NO;
				CLANG_CXX_LANGUAGE_STANDARD = "gnu++0x";
				CLANG_CXX_LIBRARY = "libc++";
				CLANG_ENABLE_MODULES = YES;
				CLANG_ENABLE_OBJC_ARC = YES;
				CLANG_WARN_BOOL_CONVERSION = YES;
				CLANG_WARN_CONSTANT_CONVERSION = YES;
				CLANG_WARN_DIRECT_OBJC_ISA_USAGE = YES_ERROR;
				CLANG_WARN_EMPTY_BODY = YES;
				CLANG_WARN_ENUM_CONVERSION = YES;
				CLANG_WARN_INT_CONVERSION = YES;
				CLANG_WARN_OBJC_ROOT_CLASS = YES_ERROR;
				CLANG_WARN__DUPLICATE_METHOD_MATCH = YES;
				"CODE_SIGN_IDENTITY[sdk=iphoneos*]" = "iPhone Developer";
				COPY_PHASE_STRIP = YES;
				ENABLE_NS_ASSERTIONS = NO;
				GCC_C_LANGUAGE_STANDARD = gnu99;
				GCC_WARN_64_TO_32_BIT_CONVERSION = YES;
				GCC_WARN_ABOUT_RETURN_TYPE = YES_ERROR;
				GCC_WARN_UNDECLARED_SELECTOR = YES;
				GCC_WARN_UNINITIALIZED_AUTOS = YES_AGGRESSIVE;
				GCC_WARN_UNUSED_FUNCTION = YES;
				GCC_WARN_UNUSED_VARIABLE = YES;
				IPHONEOS_DEPLOYMENT_TARGET = 7.1;
				SDKROOT = iphoneos;
				VALIDATE_PRODUCT = YES;
			};
			name = Release;
		};
		9EAF4FAE19866F3B001E5505 /* Debug */ = {
			isa = XCBuildConfiguration;
			buildSettings = {
				ASSETCATALOG_COMPILER_APPICON_NAME = AppIcon;
				ASSETCATALOG_COMPILER_LAUNCHIMAGE_NAME = LaunchImage;
				GCC_PRECOMPILE_PREFIX_HEADER = YES;
				GCC_PREFIX_HEADER = "Eniro Pizza/Eniro Pizza-Prefix.pch";
				INFOPLIST_FILE = "Eniro Pizza/Eniro Pizza-Info.plist";
				PRODUCT_NAME = "$(TARGET_NAME)";
				WRAPPER_EXTENSION = app;
			};
			name = Debug;
		};
		9EAF4FAF19866F3B001E5505 /* Release */ = {
			isa = XCBuildConfiguration;
			buildSettings = {
				ASSETCATALOG_COMPILER_APPICON_NAME = AppIcon;
				ASSETCATALOG_COMPILER_LAUNCHIMAGE_NAME = LaunchImage;
				GCC_PRECOMPILE_PREFIX_HEADER = YES;
				GCC_PREFIX_HEADER = "Eniro Pizza/Eniro Pizza-Prefix.pch";
				INFOPLIST_FILE = "Eniro Pizza/Eniro Pizza-Info.plist";
				PRODUCT_NAME = "$(TARGET_NAME)";
				WRAPPER_EXTENSION = app;
			};
			name = Release;
		};
/* End XCBuildConfiguration section */

/* Begin XCConfigurationList section */
		9EAF4F7619866F3B001E5505 /* Build configuration list for PBXProject "Eniro Pizza" */ = {
			isa = XCConfigurationList;
			buildConfigurations = (
				9EAF4FAB19866F3B001E5505 /* Debug */,
				9EAF4FAC19866F3B001E5505 /* Release */,
			);
			defaultConfigurationIsVisible = 0;
			defaultConfigurationName = Release;
		};
		9EAF4FAD19866F3B001E5505 /* Build configuration list for PBXNativeTarget "Eniro Pizza" */ = {
			isa = XCConfigurationList;
			buildConfigurations = (
				9EAF4FAE19866F3B001E5505 /* Debug */,
				9EAF4FAF19866F3B001E5505 /* Release */,
			);
			defaultConfigurationIsVisible = 0;
			defaultConfigurationName = Release;
		};
/* End XCConfigurationList section */
	};
	rootObject = 9EAF4F7319866F3B001E5505 /* Project object */;
}
